
Microsoft Visual Studio Solution File, Format Version 12.00
# Visual Studio 2012
Project("{FAE04EC0-301F-11D3-BF4B-00C04F79EFBC}") = "Nark.Sudoku.Model", "Nark.Sudoku.Model\Nark.Sudoku.Model.csproj", "{9416EA43-A31A-4895-B292-E2E7EDF4D202}"
EndProject
Project("{FAE04EC0-301F-11D3-BF4B-00C04F79EFBC}") = "Nark.Sudoku.Test", "Nark.Sudoku.Test\Nark.Sudoku.Test.csproj", "{11ADFBBC-71A9-4B52-8A93-4273DE195325}"
EndProject
Project("{FAE04EC0-301F-11D3-BF4B-00C04F79EFBC}") = "Nark.Suduko.Forms", "Nark.Suduko.Forms\Nark.Suduko.Forms.csproj", "{7EF300CE-56D0-4C10-B3F6-6D0CFDE40474}"
EndProject
Project("{FAE04EC0-301F-11D3-BF4B-00C04F79EFBC}") = "Nark.Sudoku.Control", "Nark.Sudoku.Control\Nark.Sudoku.Control.csproj", "{17CB512A-AFB9-436A-BAF8-12417ABFC83F}"
EndProject
Global
	GlobalSection(SolutionConfigurationPlatforms) = preSolution
		Debug|Any CPU = Debug|Any CPU
		Release|Any CPU = Release|Any CPU
	EndGlobalSection
	GlobalSection(ProjectConfigurationPlatforms) = postSolution
		{9416EA43-A31A-4895-B292-E2E7EDF4D202}.Debug|Any CPU.ActiveCfg = Debug|Any CPU
		{9416EA43-A31A-4895-B292-E2E7EDF4D202}.Debug|Any CPU.Build.0 = Debug|Any CPU
		{9416EA43-A31A-4895-B292-E2E7EDF4D202}.Release|Any CPU.ActiveCfg = Release|Any CPU
		{9416EA43-A31A-4895-B292-E2E7EDF4D202}.Release|Any CPU.Build.0 = Release|Any CPU
		{11ADFBBC-71A9-4B52-8A93-4273DE195325}.Debug|Any CPU.ActiveCfg = Debug|Any CPU
		{11ADFBBC-71A9-4B52-8A93-4273DE195325}.Debug|Any CPU.Build.0 = Debug|Any CPU
		{11ADFBBC-71A9-4B52-8A93-4273DE195325}.Release|Any CPU.ActiveCfg = Release|Any CPU
		{11ADFBBC-71A9-4B52-8A93-4273DE195325}.Release|Any CPU.Build.0 = Release|Any CPU
		{7EF300CE-56D0-4C10-B3F6-6D0CFDE40474}.Debug|Any CPU.ActiveCfg = Debug|Any CPU
		{7EF300CE-56D0-4C10-B3F6-6D0CFDE40474}.Debug|Any CPU.Build.0 = Debug|Any CPU
		{7EF300CE-56D0-4C10-B3F6-6D0CFDE40474}.Release|Any CPU.ActiveCfg = Release|Any CPU
		{7EF300CE-56D0-4C10-B3F6-6D0CFDE40474}.Release|Any CPU.Build.0 = Release|Any CPU
		{17CB512A-AFB9-436A-BAF8-12417ABFC83F}.Debug|Any CPU.ActiveCfg = Debug|Any CPU
		{17CB512A-AFB9-436A-BAF8-12417ABFC83F}.Debug|Any CPU.Build.0 = Debug|Any CPU
		{17CB512A-AFB9-436A-BAF8-12417ABFC83F}.Release|Any CPU.ActiveCfg = Release|Any CPU
		{17CB512A-AFB9-436A-BAF8-12417ABFC83F}.Release|Any CPU.Build.0 = Release|Any CPU
	EndGlobalSection
	GlobalSection(SolutionProperties) = preSolution
		HideSolutionNode = FALSE
	EndGlobalSection
EndGlobal
